// !$*UTF8*$!
{
	archiveVersion = 1;
	classes = {
	};
	objectVersion = 56;
	objects = {

/* Begin PBXBuildFile section */
		7173D93D2B3FF4470030FFA9 /* CategoriesView.swift in Sources */ = {isa = PBXBuildFile; fileRef = 7173D93C2B3FF4470030FFA9 /* CategoriesView.swift */; };
		7173D93F2B3FF4680030FFA9 /* UIApplication+RootViewController.swift in Sources */ = {isa = PBXBuildFile; fileRef = 7173D93E2B3FF4680030FFA9 /* UIApplication+RootViewController.swift */; };
		7173D9452B3FFCDF0030FFA9 /* GoogleService-Info.plist in Resources */ = {isa = PBXBuildFile; fileRef = 7173D9442B3FFCDF0030FFA9 /* GoogleService-Info.plist */; };
		7173D9482B4006AD0030FFA9 /* Spacing.swift in Sources */ = {isa = PBXBuildFile; fileRef = 7173D9472B4006AD0030FFA9 /* Spacing.swift */; };
		7173D94A2B4006BA0030FFA9 /* Radius.swift in Sources */ = {isa = PBXBuildFile; fileRef = 7173D9492B4006BA0030FFA9 /* Radius.swift */; };
		7173D94C2B4006C90030FFA9 /* ButtonDS.swift in Sources */ = {isa = PBXBuildFile; fileRef = 7173D94B2B4006C90030FFA9 /* ButtonDS.swift */; };
		7173D94E2B4006D70030FFA9 /* Loading.swift in Sources */ = {isa = PBXBuildFile; fileRef = 7173D94D2B4006D70030FFA9 /* Loading.swift */; };
		7173D9512B4007180030FFA9 /* LinkText.swift in Sources */ = {isa = PBXBuildFile; fileRef = 7173D9502B4007180030FFA9 /* LinkText.swift */; };
		7173D9562B400C750030FFA9 /* RecipesByCategoryDataSource.swift in Sources */ = {isa = PBXBuildFile; fileRef = 7173D9552B400C750030FFA9 /* RecipesByCategoryDataSource.swift */; };
		7173D9582B400C810030FFA9 /* RecipesByCategoryDataSourceDelegate.swift in Sources */ = {isa = PBXBuildFile; fileRef = 7173D9572B400C810030FFA9 /* RecipesByCategoryDataSourceDelegate.swift */; };
		7173D95E2B400E4E0030FFA9 /* RecipesByCategory.swift in Sources */ = {isa = PBXBuildFile; fileRef = 7173D95D2B400E4E0030FFA9 /* RecipesByCategory.swift */; };
		7173D9602B400FF10030FFA9 /* RecipesByCategoryViewModel.swift in Sources */ = {isa = PBXBuildFile; fileRef = 7173D95F2B400FF00030FFA9 /* RecipesByCategoryViewModel.swift */; };
		7173D9622B400FFC0030FFA9 /* RecipesByCategoryView.swift in Sources */ = {isa = PBXBuildFile; fileRef = 7173D9612B400FFC0030FFA9 /* RecipesByCategoryView.swift */; };
		719BAAF72B31B11200C823D2 /* KitchenApp.swift in Sources */ = {isa = PBXBuildFile; fileRef = 719BAAF62B31B11200C823D2 /* KitchenApp.swift */; };
		719BAAF92B31B11200C823D2 /* HomeView.swift in Sources */ = {isa = PBXBuildFile; fileRef = 719BAAF82B31B11200C823D2 /* HomeView.swift */; };
		719BAAFB2B31B11400C823D2 /* Assets.xcassets in Resources */ = {isa = PBXBuildFile; fileRef = 719BAAFA2B31B11400C823D2 /* Assets.xcassets */; };
		71AEE8262B3D92EC002DF2D4 /* FirebaseAnalytics in Frameworks */ = {isa = PBXBuildFile; productRef = 71AEE8252B3D92EC002DF2D4 /* FirebaseAnalytics */; };
		71AEE8282B3D92EC002DF2D4 /* FirebaseAnalyticsOnDeviceConversion in Frameworks */ = {isa = PBXBuildFile; productRef = 71AEE8272B3D92EC002DF2D4 /* FirebaseAnalyticsOnDeviceConversion */; };
		71AEE82A2B3D92EC002DF2D4 /* FirebaseAnalyticsSwift in Frameworks */ = {isa = PBXBuildFile; productRef = 71AEE8292B3D92EC002DF2D4 /* FirebaseAnalyticsSwift */; };
		71AEE82C2B3D92EC002DF2D4 /* FirebaseAnalyticsWithoutAdIdSupport in Frameworks */ = {isa = PBXBuildFile; productRef = 71AEE82B2B3D92EC002DF2D4 /* FirebaseAnalyticsWithoutAdIdSupport */; };
		71AEE82E2B3D92EC002DF2D4 /* FirebaseAppCheck in Frameworks */ = {isa = PBXBuildFile; productRef = 71AEE82D2B3D92EC002DF2D4 /* FirebaseAppCheck */; };
		71AEE8982B3DAAF2002DF2D4 /* GoogleSignIn in Frameworks */ = {isa = PBXBuildFile; productRef = 71AEE8972B3DAAF2002DF2D4 /* GoogleSignIn */; };
		71AEE89A2B3DAAF2002DF2D4 /* GoogleSignInSwift in Frameworks */ = {isa = PBXBuildFile; productRef = 71AEE8992B3DAAF2002DF2D4 /* GoogleSignInSwift */; };
		71AEE89D2B3DAB49002DF2D4 /* LoginView.swift in Sources */ = {isa = PBXBuildFile; fileRef = 71AEE89C2B3DAB49002DF2D4 /* LoginView.swift */; };
		71AEE89F2B3DAB5B002DF2D4 /* SignupView.swift in Sources */ = {isa = PBXBuildFile; fileRef = 71AEE89E2B3DAB5B002DF2D4 /* SignupView.swift */; };
		71AEE8A12B3DAB6F002DF2D4 /* UserProfileView.swift in Sources */ = {isa = PBXBuildFile; fileRef = 71AEE8A02B3DAB6F002DF2D4 /* UserProfileView.swift */; };
		71AEE8A32B3DAB7E002DF2D4 /* AuthenticationView.swift in Sources */ = {isa = PBXBuildFile; fileRef = 71AEE8A22B3DAB7E002DF2D4 /* AuthenticationView.swift */; };
		71AEE8A52B3DAB8D002DF2D4 /* AuthenticatedView.swift in Sources */ = {isa = PBXBuildFile; fileRef = 71AEE8A42B3DAB8D002DF2D4 /* AuthenticatedView.swift */; };
		71AEE8A72B3DAB9A002DF2D4 /* AuthenticationViewModel.swift in Sources */ = {isa = PBXBuildFile; fileRef = 71AEE8A62B3DAB9A002DF2D4 /* AuthenticationViewModel.swift */; };
		71AEE8A92B3DAC88002DF2D4 /* FirebaseAnalytics in Frameworks */ = {isa = PBXBuildFile; productRef = 71AEE8A82B3DAC88002DF2D4 /* FirebaseAnalytics */; };
		71AEE8AB2B3DAC88002DF2D4 /* FirebaseAnalyticsOnDeviceConversion in Frameworks */ = {isa = PBXBuildFile; productRef = 71AEE8AA2B3DAC88002DF2D4 /* FirebaseAnalyticsOnDeviceConversion */; };
		71AEE8AD2B3DAC88002DF2D4 /* FirebaseAnalyticsSwift in Frameworks */ = {isa = PBXBuildFile; productRef = 71AEE8AC2B3DAC88002DF2D4 /* FirebaseAnalyticsSwift */; };
		71AEE8AF2B3DAC88002DF2D4 /* FirebaseAnalyticsWithoutAdIdSupport in Frameworks */ = {isa = PBXBuildFile; productRef = 71AEE8AE2B3DAC88002DF2D4 /* FirebaseAnalyticsWithoutAdIdSupport */; };
		71AEE8B12B3DAC88002DF2D4 /* FirebaseAppCheck in Frameworks */ = {isa = PBXBuildFile; productRef = 71AEE8B02B3DAC88002DF2D4 /* FirebaseAppCheck */; };
		71AEE8B42B3DAD63002DF2D4 /* FirebaseAuth in Frameworks */ = {isa = PBXBuildFile; productRef = 71AEE8B32B3DAD63002DF2D4 /* FirebaseAuth */; };
/* End PBXBuildFile section */

/* Begin PBXFileReference section */
		7173D93C2B3FF4470030FFA9 /* CategoriesView.swift */ = {isa = PBXFileReference; lastKnownFileType = sourcecode.swift; path = CategoriesView.swift; sourceTree = "<group>"; };
		7173D93E2B3FF4680030FFA9 /* UIApplication+RootViewController.swift */ = {isa = PBXFileReference; lastKnownFileType = sourcecode.swift; path = "UIApplication+RootViewController.swift"; sourceTree = "<group>"; };
		7173D9442B3FFCDF0030FFA9 /* GoogleService-Info.plist */ = {isa = PBXFileReference; fileEncoding = 4; lastKnownFileType = text.plist.xml; name = "GoogleService-Info.plist"; path = "../../GoogleService-Info.plist"; sourceTree = "<group>"; };
		7173D9472B4006AD0030FFA9 /* Spacing.swift */ = {isa = PBXFileReference; lastKnownFileType = sourcecode.swift; path = Spacing.swift; sourceTree = "<group>"; };
		7173D9492B4006BA0030FFA9 /* Radius.swift */ = {isa = PBXFileReference; lastKnownFileType = sourcecode.swift; path = Radius.swift; sourceTree = "<group>"; };
		7173D94B2B4006C90030FFA9 /* ButtonDS.swift */ = {isa = PBXFileReference; lastKnownFileType = sourcecode.swift; path = ButtonDS.swift; sourceTree = "<group>"; };
		7173D94D2B4006D70030FFA9 /* Loading.swift */ = {isa = PBXFileReference; lastKnownFileType = sourcecode.swift; path = Loading.swift; sourceTree = "<group>"; };
		7173D9502B4007180030FFA9 /* LinkText.swift */ = {isa = PBXFileReference; lastKnownFileType = sourcecode.swift; path = LinkText.swift; sourceTree = "<group>"; };
		7173D9552B400C750030FFA9 /* RecipesByCategoryDataSource.swift */ = {isa = PBXFileReference; lastKnownFileType = sourcecode.swift; path = RecipesByCategoryDataSource.swift; sourceTree = "<group>"; };
		7173D9572B400C810030FFA9 /* RecipesByCategoryDataSourceDelegate.swift */ = {isa = PBXFileReference; lastKnownFileType = sourcecode.swift; path = RecipesByCategoryDataSourceDelegate.swift; sourceTree = "<group>"; };
		7173D95D2B400E4E0030FFA9 /* RecipesByCategory.swift */ = {isa = PBXFileReference; lastKnownFileType = sourcecode.swift; path = RecipesByCategory.swift; sourceTree = "<group>"; };
		7173D95F2B400FF00030FFA9 /* RecipesByCategoryViewModel.swift */ = {isa = PBXFileReference; lastKnownFileType = sourcecode.swift; path = RecipesByCategoryViewModel.swift; sourceTree = "<group>"; };
		7173D9612B400FFC0030FFA9 /* RecipesByCategoryView.swift */ = {isa = PBXFileReference; lastKnownFileType = sourcecode.swift; path = RecipesByCategoryView.swift; sourceTree = "<group>"; };
		719BAAF32B31B11200C823D2 /* Kitchen.app */ = {isa = PBXFileReference; explicitFileType = wrapper.application; includeInIndex = 0; path = Kitchen.app; sourceTree = BUILT_PRODUCTS_DIR; };
		719BAAF62B31B11200C823D2 /* KitchenApp.swift */ = {isa = PBXFileReference; lastKnownFileType = sourcecode.swift; path = KitchenApp.swift; sourceTree = "<group>"; };
		719BAAF82B31B11200C823D2 /* HomeView.swift */ = {isa = PBXFileReference; lastKnownFileType = sourcecode.swift; path = HomeView.swift; sourceTree = "<group>"; };
		719BAAFA2B31B11400C823D2 /* Assets.xcassets */ = {isa = PBXFileReference; lastKnownFileType = folder.assetcatalog; path = Assets.xcassets; sourceTree = "<group>"; };
		71AEE89B2B3DAB14002DF2D4 /* Info.plist */ = {isa = PBXFileReference; lastKnownFileType = text.plist.xml; path = Info.plist; sourceTree = "<group>"; };
		71AEE89C2B3DAB49002DF2D4 /* LoginView.swift */ = {isa = PBXFileReference; lastKnownFileType = sourcecode.swift; path = LoginView.swift; sourceTree = "<group>"; };
		71AEE89E2B3DAB5B002DF2D4 /* SignupView.swift */ = {isa = PBXFileReference; lastKnownFileType = sourcecode.swift; path = SignupView.swift; sourceTree = "<group>"; };
		71AEE8A02B3DAB6F002DF2D4 /* UserProfileView.swift */ = {isa = PBXFileReference; lastKnownFileType = sourcecode.swift; path = UserProfileView.swift; sourceTree = "<group>"; };
		71AEE8A22B3DAB7E002DF2D4 /* AuthenticationView.swift */ = {isa = PBXFileReference; lastKnownFileType = sourcecode.swift; path = AuthenticationView.swift; sourceTree = "<group>"; };
		71AEE8A42B3DAB8D002DF2D4 /* AuthenticatedView.swift */ = {isa = PBXFileReference; lastKnownFileType = sourcecode.swift; path = AuthenticatedView.swift; sourceTree = "<group>"; };
		71AEE8A62B3DAB9A002DF2D4 /* AuthenticationViewModel.swift */ = {isa = PBXFileReference; lastKnownFileType = sourcecode.swift; path = AuthenticationViewModel.swift; sourceTree = "<group>"; };
/* End PBXFileReference section */

/* Begin PBXFrameworksBuildPhase section */
		719BAAF02B31B11200C823D2 /* Frameworks */ = {
			isa = PBXFrameworksBuildPhase;
			buildActionMask = 2147483647;
			files = (
				71AEE82A2B3D92EC002DF2D4 /* FirebaseAnalyticsSwift in Frameworks */,
				71AEE8262B3D92EC002DF2D4 /* FirebaseAnalytics in Frameworks */,
				71AEE8A92B3DAC88002DF2D4 /* FirebaseAnalytics in Frameworks */,
				71AEE89A2B3DAAF2002DF2D4 /* GoogleSignInSwift in Frameworks */,
				71AEE8B12B3DAC88002DF2D4 /* FirebaseAppCheck in Frameworks */,
				71AEE8AF2B3DAC88002DF2D4 /* FirebaseAnalyticsWithoutAdIdSupport in Frameworks */,
				71AEE8AD2B3DAC88002DF2D4 /* FirebaseAnalyticsSwift in Frameworks */,
				71AEE8AB2B3DAC88002DF2D4 /* FirebaseAnalyticsOnDeviceConversion in Frameworks */,
				71AEE8282B3D92EC002DF2D4 /* FirebaseAnalyticsOnDeviceConversion in Frameworks */,
				71AEE82E2B3D92EC002DF2D4 /* FirebaseAppCheck in Frameworks */,
				71AEE8B42B3DAD63002DF2D4 /* FirebaseAuth in Frameworks */,
				71AEE82C2B3D92EC002DF2D4 /* FirebaseAnalyticsWithoutAdIdSupport in Frameworks */,
				71AEE8982B3DAAF2002DF2D4 /* GoogleSignIn in Frameworks */,
			);
			runOnlyForDeploymentPostprocessing = 0;
		};
/* End PBXFrameworksBuildPhase section */

/* Begin PBXGroup section */
		7173D9462B40069C0030FFA9 /* DesignSystem */ = {
			isa = PBXGroup;
			children = (
				7173D94F2B4007020030FFA9 /* Text */,
				7173D9472B4006AD0030FFA9 /* Spacing.swift */,
				7173D9492B4006BA0030FFA9 /* Radius.swift */,
				7173D94B2B4006C90030FFA9 /* ButtonDS.swift */,
				7173D94D2B4006D70030FFA9 /* Loading.swift */,
			);
			path = DesignSystem;
			sourceTree = "<group>";
		};
		7173D94F2B4007020030FFA9 /* Text */ = {
			isa = PBXGroup;
			children = (
				7173D9502B4007180030FFA9 /* LinkText.swift */,
			);
			path = Text;
			sourceTree = "<group>";
		};
		7173D9522B4007980030FFA9 /* Authentication */ = {
			isa = PBXGroup;
			children = (
				7173D93E2B3FF4680030FFA9 /* UIApplication+RootViewController.swift */,
				71AEE8A62B3DAB9A002DF2D4 /* AuthenticationViewModel.swift */,
				71AEE8A42B3DAB8D002DF2D4 /* AuthenticatedView.swift */,
				71AEE8A22B3DAB7E002DF2D4 /* AuthenticationView.swift */,
				71AEE8A02B3DAB6F002DF2D4 /* UserProfileView.swift */,
				71AEE89E2B3DAB5B002DF2D4 /* SignupView.swift */,
				71AEE89C2B3DAB49002DF2D4 /* LoginView.swift */,
			);
			path = Authentication;
			sourceTree = "<group>";
		};
		7173D9532B400C3C0030FFA9 /* DataSource */ = {
			isa = PBXGroup;
			children = (
				7173D9542B400C500030FFA9 /* RecipesByCategoryData */,
			);
			path = DataSource;
			sourceTree = "<group>";
		};
		7173D9542B400C500030FFA9 /* RecipesByCategoryData */ = {
			isa = PBXGroup;
			children = (
				7173D9552B400C750030FFA9 /* RecipesByCategoryDataSource.swift */,
				7173D9572B400C810030FFA9 /* RecipesByCategoryDataSourceDelegate.swift */,
			);
			path = RecipesByCategoryData;
			sourceTree = "<group>";
		};
		7173D9592B400C8F0030FFA9 /* Models */ = {
			isa = PBXGroup;
			children = (
				7173D95A2B400C950030FFA9 /* RecipesByCategoryModels */,
			);
			path = Models;
			sourceTree = "<group>";
		};
		7173D95A2B400C950030FFA9 /* RecipesByCategoryModels */ = {
			isa = PBXGroup;
			children = (
				7173D95D2B400E4E0030FFA9 /* RecipesByCategory.swift */,
			);
			path = RecipesByCategoryModels;
			sourceTree = "<group>";
		};
		7173D95B2B400CA00030FFA9 /* Views */ = {
			isa = PBXGroup;
			children = (
				7173D95C2B400CA70030FFA9 /* RecipesByCategoryViews */,
			);
			path = Views;
			sourceTree = "<group>";
		};
		7173D95C2B400CA70030FFA9 /* RecipesByCategoryViews */ = {
			isa = PBXGroup;
			children = (
				7173D95F2B400FF00030FFA9 /* RecipesByCategoryViewModel.swift */,
				7173D9612B400FFC0030FFA9 /* RecipesByCategoryView.swift */,
			);
			path = RecipesByCategoryViews;
			sourceTree = "<group>";
		};
		719BAAEA2B31B11200C823D2 = {
			isa = PBXGroup;
			children = (
				719BAAF52B31B11200C823D2 /* Kitchen */,
				719BAAF42B31B11200C823D2 /* Products */,
				71AEE8B22B3DAD63002DF2D4 /* Frameworks */,
			);
			sourceTree = "<group>";
		};
		719BAAF42B31B11200C823D2 /* Products */ = {
			isa = PBXGroup;
			children = (
				719BAAF32B31B11200C823D2 /* Kitchen.app */,
			);
			name = Products;
			sourceTree = "<group>";
		};
		719BAAF52B31B11200C823D2 /* Kitchen */ = {
			isa = PBXGroup;
			children = (
				7173D95B2B400CA00030FFA9 /* Views */,
				7173D9592B400C8F0030FFA9 /* Models */,
				7173D9532B400C3C0030FFA9 /* DataSource */,
				71AEE89B2B3DAB14002DF2D4 /* Info.plist */,
				7173D9442B3FFCDF0030FFA9 /* GoogleService-Info.plist */,
				7173D9522B4007980030FFA9 /* Authentication */,
				7173D9462B40069C0030FFA9 /* DesignSystem */,
				719BAAF62B31B11200C823D2 /* KitchenApp.swift */,
				719BAAF82B31B11200C823D2 /* HomeView.swift */,
				7173D93C2B3FF4470030FFA9 /* CategoriesView.swift */,
				719BAAFA2B31B11400C823D2 /* Assets.xcassets */,
			);
			path = Kitchen;
			sourceTree = "<group>";
		};
		71AEE8B22B3DAD63002DF2D4 /* Frameworks */ = {
			isa = PBXGroup;
			children = (
			);
			name = Frameworks;
			sourceTree = "<group>";
		};
/* End PBXGroup section */

/* Begin PBXNativeTarget section */
		719BAAF22B31B11200C823D2 /* Kitchen */ = {
			isa = PBXNativeTarget;
			buildConfigurationList = 719BAB012B31B11400C823D2 /* Build configuration list for PBXNativeTarget "Kitchen" */;
			buildPhases = (
				719BAAEF2B31B11200C823D2 /* Sources */,
				719BAAF02B31B11200C823D2 /* Frameworks */,
				719BAAF12B31B11200C823D2 /* Resources */,
			);
			buildRules = (
			);
			dependencies = (
			);
			name = Kitchen;
			packageProductDependencies = (
				71AEE8252B3D92EC002DF2D4 /* FirebaseAnalytics */,
				71AEE8272B3D92EC002DF2D4 /* FirebaseAnalyticsOnDeviceConversion */,
				71AEE8292B3D92EC002DF2D4 /* FirebaseAnalyticsSwift */,
				71AEE82B2B3D92EC002DF2D4 /* FirebaseAnalyticsWithoutAdIdSupport */,
				71AEE82D2B3D92EC002DF2D4 /* FirebaseAppCheck */,
				71AEE8972B3DAAF2002DF2D4 /* GoogleSignIn */,
				71AEE8992B3DAAF2002DF2D4 /* GoogleSignInSwift */,
				71AEE8A82B3DAC88002DF2D4 /* FirebaseAnalytics */,
				71AEE8AA2B3DAC88002DF2D4 /* FirebaseAnalyticsOnDeviceConversion */,
				71AEE8AC2B3DAC88002DF2D4 /* FirebaseAnalyticsSwift */,
				71AEE8AE2B3DAC88002DF2D4 /* FirebaseAnalyticsWithoutAdIdSupport */,
				71AEE8B02B3DAC88002DF2D4 /* FirebaseAppCheck */,
				71AEE8B32B3DAD63002DF2D4 /* FirebaseAuth */,
			);
			productName = Kitchen;
			productReference = 719BAAF32B31B11200C823D2 /* Kitchen.app */;
			productType = "com.apple.product-type.application";
		};
/* End PBXNativeTarget section */

/* Begin PBXProject section */
		719BAAEB2B31B11200C823D2 /* Project object */ = {
			isa = PBXProject;
			attributes = {
				BuildIndependentTargetsInParallel = 1;
				LastSwiftUpdateCheck = 1510;
				LastUpgradeCheck = 1510;
				TargetAttributes = {
					719BAAF22B31B11200C823D2 = {
						CreatedOnToolsVersion = 15.1;
					};
				};
			};
			buildConfigurationList = 719BAAEE2B31B11200C823D2 /* Build configuration list for PBXProject "Kitchen" */;
			compatibilityVersion = "Xcode 14.0";
			developmentRegion = en;
			hasScannedForEncodings = 0;
			knownRegions = (
				en,
				Base,
			);
			mainGroup = 719BAAEA2B31B11200C823D2;
			packageReferences = (
				71AEE8242B3D92EC002DF2D4 /* XCRemoteSwiftPackageReference "firebase-ios-sdk" */,
				71AEE8962B3DAAF2002DF2D4 /* XCRemoteSwiftPackageReference "GoogleSignIn-iOS" */,
			);
			productRefGroup = 719BAAF42B31B11200C823D2 /* Products */;
			projectDirPath = "";
			projectRoot = "";
			targets = (
				719BAAF22B31B11200C823D2 /* Kitchen */,
			);
		};
/* End PBXProject section */

/* Begin PBXResourcesBuildPhase section */
		719BAAF12B31B11200C823D2 /* Resources */ = {
			isa = PBXResourcesBuildPhase;
			buildActionMask = 2147483647;
			files = (
				719BAAFB2B31B11400C823D2 /* Assets.xcassets in Resources */,
				7173D9452B3FFCDF0030FFA9 /* GoogleService-Info.plist in Resources */,
			);
			runOnlyForDeploymentPostprocessing = 0;
		};
/* End PBXResourcesBuildPhase section */

/* Begin PBXSourcesBuildPhase section */
		719BAAEF2B31B11200C823D2 /* Sources */ = {
			isa = PBXSourcesBuildPhase;
			buildActionMask = 2147483647;
			files = (
				71AEE8A12B3DAB6F002DF2D4 /* UserProfileView.swift in Sources */,
				7173D9562B400C750030FFA9 /* RecipesByCategoryDataSource.swift in Sources */,
				7173D9482B4006AD0030FFA9 /* Spacing.swift in Sources */,
				71AEE89F2B3DAB5B002DF2D4 /* SignupView.swift in Sources */,
				71AEE8A32B3DAB7E002DF2D4 /* AuthenticationView.swift in Sources */,
				7173D94E2B4006D70030FFA9 /* Loading.swift in Sources */,
				71AEE8A52B3DAB8D002DF2D4 /* AuthenticatedView.swift in Sources */,
				7173D94C2B4006C90030FFA9 /* ButtonDS.swift in Sources */,
				7173D9582B400C810030FFA9 /* RecipesByCategoryDataSourceDelegate.swift in Sources */,
				7173D9622B400FFC0030FFA9 /* RecipesByCategoryView.swift in Sources */,
				71AEE8A72B3DAB9A002DF2D4 /* AuthenticationViewModel.swift in Sources */,
				7173D93F2B3FF4680030FFA9 /* UIApplication+RootViewController.swift in Sources */,
				7173D93D2B3FF4470030FFA9 /* CategoriesView.swift in Sources */,
				71AEE89D2B3DAB49002DF2D4 /* LoginView.swift in Sources */,
				719BAAF92B31B11200C823D2 /* HomeView.swift in Sources */,
				7173D9512B4007180030FFA9 /* LinkText.swift in Sources */,
				7173D9602B400FF10030FFA9 /* RecipesByCategoryViewModel.swift in Sources */,
				719BAAF72B31B11200C823D2 /* KitchenApp.swift in Sources */,
				7173D95E2B400E4E0030FFA9 /* RecipesByCategory.swift in Sources */,
				7173D94A2B4006BA0030FFA9 /* Radius.swift in Sources */,
			);
			runOnlyForDeploymentPostprocessing = 0;
		};
/* End PBXSourcesBuildPhase section */

/* Begin XCBuildConfiguration section */
		719BAAFF2B31B11400C823D2 /* Debug */ = {
			isa = XCBuildConfiguration;
			buildSettings = {
				ALWAYS_SEARCH_USER_PATHS = NO;
				ASSETCATALOG_COMPILER_GENERATE_SWIFT_ASSET_SYMBOL_EXTENSIONS = YES;
				CLANG_ANALYZER_NONNULL = YES;
				CLANG_ANALYZER_NUMBER_OBJECT_CONVERSION = YES_AGGRESSIVE;
				CLANG_CXX_LANGUAGE_STANDARD = "gnu++20";
				CLANG_ENABLE_MODULES = YES;
				CLANG_ENABLE_OBJC_ARC = YES;
				CLANG_ENABLE_OBJC_WEAK = YES;
				CLANG_WARN_BLOCK_CAPTURE_AUTORELEASING = YES;
				CLANG_WARN_BOOL_CONVERSION = YES;
				CLANG_WARN_COMMA = YES;
				CLANG_WARN_CONSTANT_CONVERSION = YES;
				CLANG_WARN_DEPRECATED_OBJC_IMPLEMENTATIONS = YES;
				CLANG_WARN_DIRECT_OBJC_ISA_USAGE = YES_ERROR;
				CLANG_WARN_DOCUMENTATION_COMMENTS = YES;
				CLANG_WARN_EMPTY_BODY = YES;
				CLANG_WARN_ENUM_CONVERSION = YES;
				CLANG_WARN_INFINITE_RECURSION = YES;
				CLANG_WARN_INT_CONVERSION = YES;
				CLANG_WARN_NON_LITERAL_NULL_CONVERSION = YES;
				CLANG_WARN_OBJC_IMPLICIT_RETAIN_SELF = YES;
				CLANG_WARN_OBJC_LITERAL_CONVERSION = YES;
				CLANG_WARN_OBJC_ROOT_CLASS = YES_ERROR;
				CLANG_WARN_QUOTED_INCLUDE_IN_FRAMEWORK_HEADER = YES;
				CLANG_WARN_RANGE_LOOP_ANALYSIS = YES;
				CLANG_WARN_STRICT_PROTOTYPES = YES;
				CLANG_WARN_SUSPICIOUS_MOVE = YES;
				CLANG_WARN_UNGUARDED_AVAILABILITY = YES_AGGRESSIVE;
				CLANG_WARN_UNREACHABLE_CODE = YES;
				CLANG_WARN__DUPLICATE_METHOD_MATCH = YES;
				COPY_PHASE_STRIP = NO;
				DEBUG_INFORMATION_FORMAT = dwarf;
				ENABLE_STRICT_OBJC_MSGSEND = YES;
				ENABLE_TESTABILITY = YES;
				ENABLE_USER_SCRIPT_SANDBOXING = YES;
				GCC_C_LANGUAGE_STANDARD = gnu17;
				GCC_DYNAMIC_NO_PIC = NO;
				GCC_NO_COMMON_BLOCKS = YES;
				GCC_OPTIMIZATION_LEVEL = 0;
				GCC_PREPROCESSOR_DEFINITIONS = (
					"DEBUG=1",
					"$(inherited)",
				);
				GCC_WARN_64_TO_32_BIT_CONVERSION = YES;
				GCC_WARN_ABOUT_RETURN_TYPE = YES_ERROR;
				GCC_WARN_UNDECLARED_SELECTOR = YES;
				GCC_WARN_UNINITIALIZED_AUTOS = YES_AGGRESSIVE;
				GCC_WARN_UNUSED_FUNCTION = YES;
				GCC_WARN_UNUSED_VARIABLE = YES;
				IPHONEOS_DEPLOYMENT_TARGET = 17.2;
				LOCALIZATION_PREFERS_STRING_CATALOGS = YES;
				MTL_ENABLE_DEBUG_INFO = INCLUDE_SOURCE;
				MTL_FAST_MATH = YES;
				ONLY_ACTIVE_ARCH = YES;
				SDKROOT = iphoneos;
				SWIFT_ACTIVE_COMPILATION_CONDITIONS = "DEBUG $(inherited)";
				SWIFT_OPTIMIZATION_LEVEL = "-Onone";
			};
			name = Debug;
		};
		719BAB002B31B11400C823D2 /* Release */ = {
			isa = XCBuildConfiguration;
			buildSettings = {
				ALWAYS_SEARCH_USER_PATHS = NO;
				ASSETCATALOG_COMPILER_GENERATE_SWIFT_ASSET_SYMBOL_EXTENSIONS = YES;
				CLANG_ANALYZER_NONNULL = YES;
				CLANG_ANALYZER_NUMBER_OBJECT_CONVERSION = YES_AGGRESSIVE;
				CLANG_CXX_LANGUAGE_STANDARD = "gnu++20";
				CLANG_ENABLE_MODULES = YES;
				CLANG_ENABLE_OBJC_ARC = YES;
				CLANG_ENABLE_OBJC_WEAK = YES;
				CLANG_WARN_BLOCK_CAPTURE_AUTORELEASING = YES;
				CLANG_WARN_BOOL_CONVERSION = YES;
				CLANG_WARN_COMMA = YES;
				CLANG_WARN_CONSTANT_CONVERSION = YES;
				CLANG_WARN_DEPRECATED_OBJC_IMPLEMENTATIONS = YES;
				CLANG_WARN_DIRECT_OBJC_ISA_USAGE = YES_ERROR;
				CLANG_WARN_DOCUMENTATION_COMMENTS = YES;
				CLANG_WARN_EMPTY_BODY = YES;
				CLANG_WARN_ENUM_CONVERSION = YES;
				CLANG_WARN_INFINITE_RECURSION = YES;
				CLANG_WARN_INT_CONVERSION = YES;
				CLANG_WARN_NON_LITERAL_NULL_CONVERSION = YES;
				CLANG_WARN_OBJC_IMPLICIT_RETAIN_SELF = YES;
				CLANG_WARN_OBJC_LITERAL_CONVERSION = YES;
				CLANG_WARN_OBJC_ROOT_CLASS = YES_ERROR;
				CLANG_WARN_QUOTED_INCLUDE_IN_FRAMEWORK_HEADER = YES;
				CLANG_WARN_RANGE_LOOP_ANALYSIS = YES;
				CLANG_WARN_STRICT_PROTOTYPES = YES;
				CLANG_WARN_SUSPICIOUS_MOVE = YES;
				CLANG_WARN_UNGUARDED_AVAILABILITY = YES_AGGRESSIVE;
				CLANG_WARN_UNREACHABLE_CODE = YES;
				CLANG_WARN__DUPLICATE_METHOD_MATCH = YES;
				COPY_PHASE_STRIP = NO;
				DEBUG_INFORMATION_FORMAT = "dwarf-with-dsym";
				ENABLE_NS_ASSERTIONS = NO;
				ENABLE_STRICT_OBJC_MSGSEND = YES;
				ENABLE_USER_SCRIPT_SANDBOXING = YES;
				GCC_C_LANGUAGE_STANDARD = gnu17;
				GCC_NO_COMMON_BLOCKS = YES;
				GCC_WARN_64_TO_32_BIT_CONVERSION = YES;
				GCC_WARN_ABOUT_RETURN_TYPE = YES_ERROR;
				GCC_WARN_UNDECLARED_SELECTOR = YES;
				GCC_WARN_UNINITIALIZED_AUTOS = YES_AGGRESSIVE;
				GCC_WARN_UNUSED_FUNCTION = YES;
				GCC_WARN_UNUSED_VARIABLE = YES;
				IPHONEOS_DEPLOYMENT_TARGET = 17.2;
				LOCALIZATION_PREFERS_STRING_CATALOGS = YES;
				MTL_ENABLE_DEBUG_INFO = NO;
				MTL_FAST_MATH = YES;
				SDKROOT = iphoneos;
				SWIFT_COMPILATION_MODE = wholemodule;
				VALIDATE_PRODUCT = YES;
			};
			name = Release;
		};
		719BAB022B31B11400C823D2 /* Debug */ = {
			isa = XCBuildConfiguration;
			buildSettings = {
				ASSETCATALOG_COMPILER_APPICON_NAME = AppIcon;
				ASSETCATALOG_COMPILER_GLOBAL_ACCENT_COLOR_NAME = AccentColor;
				CODE_SIGNING_REQUIRED = NO;
				CODE_SIGN_STYLE = Automatic;
				CURRENT_PROJECT_VERSION = 1;
				DEVELOPMENT_ASSET_PATHS = "\"Kitchen/Preview Content\"";
				DEVELOPMENT_TEAM = NA3Q325945;
				ENABLE_PREVIEWS = YES;
				GENERATE_INFOPLIST_FILE = YES;
				INFOPLIST_FILE = Kitchen/Info.plist;
				INFOPLIST_KEY_UIApplicationSceneManifest_Generation = YES;
				INFOPLIST_KEY_UIApplicationSupportsIndirectInputEvents = YES;
				INFOPLIST_KEY_UILaunchScreen_Generation = YES;
				INFOPLIST_KEY_UISupportedInterfaceOrientations_iPad = "UIInterfaceOrientationPortrait UIInterfaceOrientationPortraitUpsideDown UIInterfaceOrientationLandscapeLeft UIInterfaceOrientationLandscapeRight";
				INFOPLIST_KEY_UISupportedInterfaceOrientations_iPhone = "UIInterfaceOrientationPortrait UIInterfaceOrientationLandscapeLeft UIInterfaceOrientationLandscapeRight";
				LD_RUNPATH_SEARCH_PATHS = (
					"$(inherited)",
					"@executable_path/Frameworks",
				);
				MARKETING_VERSION = 1.0;
				PRODUCT_BUNDLE_IDENTIFIER = com.beyza.Kitchen;
				PRODUCT_NAME = "$(TARGET_NAME)";
				SWIFT_EMIT_LOC_STRINGS = YES;
				SWIFT_VERSION = 5.0;
				TARGETED_DEVICE_FAMILY = "1,2";
			};
			name = Debug;
		};
		719BAB032B31B11400C823D2 /* Release */ = {
			isa = XCBuildConfiguration;
			buildSettings = {
				ASSETCATALOG_COMPILER_APPICON_NAME = AppIcon;
				ASSETCATALOG_COMPILER_GLOBAL_ACCENT_COLOR_NAME = AccentColor;
				CODE_SIGNING_REQUIRED = NO;
				CODE_SIGN_STYLE = Automatic;
				CURRENT_PROJECT_VERSION = 1;
				DEVELOPMENT_ASSET_PATHS = "\"Kitchen/Preview Content\"";
				DEVELOPMENT_TEAM = NA3Q325945;
				ENABLE_PREVIEWS = YES;
				GENERATE_INFOPLIST_FILE = YES;
				INFOPLIST_FILE = Kitchen/Info.plist;
				INFOPLIST_KEY_UIApplicationSceneManifest_Generation = YES;
				INFOPLIST_KEY_UIApplicationSupportsIndirectInputEvents = YES;
				INFOPLIST_KEY_UILaunchScreen_Generation = YES;
				INFOPLIST_KEY_UISupportedInterfaceOrientations_iPad = "UIInterfaceOrientationPortrait UIInterfaceOrientationPortraitUpsideDown UIInterfaceOrientationLandscapeLeft UIInterfaceOrientationLandscapeRight";
				INFOPLIST_KEY_UISupportedInterfaceOrientations_iPhone = "UIInterfaceOrientationPortrait UIInterfaceOrientationLandscapeLeft UIInterfaceOrientationLandscapeRight";
				LD_RUNPATH_SEARCH_PATHS = (
					"$(inherited)",
					"@executable_path/Frameworks",
				);
				MARKETING_VERSION = 1.0;
				PRODUCT_BUNDLE_IDENTIFIER = com.beyza.Kitchen;
				PRODUCT_NAME = "$(TARGET_NAME)";
				SWIFT_EMIT_LOC_STRINGS = YES;
				SWIFT_VERSION = 5.0;
				TARGETED_DEVICE_FAMILY = "1,2";
			};
			name = Release;
		};
/* End XCBuildConfiguration section */

/* Begin XCConfigurationList section */
		719BAAEE2B31B11200C823D2 /* Build configuration list for PBXProject "Kitchen" */ = {
			isa = XCConfigurationList;
			buildConfigurations = (
				719BAAFF2B31B11400C823D2 /* Debug */,
				719BAB002B31B11400C823D2 /* Release */,
			);
			defaultConfigurationIsVisible = 0;
			defaultConfigurationName = Release;
		};
		719BAB012B31B11400C823D2 /* Build configuration list for PBXNativeTarget "Kitchen" */ = {
			isa = XCConfigurationList;
			buildConfigurations = (
				719BAB022B31B11400C823D2 /* Debug */,
				719BAB032B31B11400C823D2 /* Release */,
			);
			defaultConfigurationIsVisible = 0;
			defaultConfigurationName = Release;
		};
/* End XCConfigurationList section */

/* Begin XCRemoteSwiftPackageReference section */
		71AEE8242B3D92EC002DF2D4 /* XCRemoteSwiftPackageReference "firebase-ios-sdk" */ = {
			isa = XCRemoteSwiftPackageReference;
			repositoryURL = "https://github.com/firebase/firebase-ios-sdk";
			requirement = {
				kind = upToNextMajorVersion;
				minimumVersion = 10.19.1;
			};
		};
		71AEE8962B3DAAF2002DF2D4 /* XCRemoteSwiftPackageReference "GoogleSignIn-iOS" */ = {
			isa = XCRemoteSwiftPackageReference;
			repositoryURL = "https://github.com/google/GoogleSignIn-iOS";
			requirement = {
				kind = upToNextMajorVersion;
				minimumVersion = 7.0.0;
			};
		};
/* End XCRemoteSwiftPackageReference section */

/* Begin XCSwiftPackageProductDependency section */
		71AEE8252B3D92EC002DF2D4 /* FirebaseAnalytics */ = {
			isa = XCSwiftPackageProductDependency;
			package = 71AEE8242B3D92EC002DF2D4 /* XCRemoteSwiftPackageReference "firebase-ios-sdk" */;
			productName = FirebaseAnalytics;
		};
		71AEE8272B3D92EC002DF2D4 /* FirebaseAnalyticsOnDeviceConversion */ = {
			isa = XCSwiftPackageProductDependency;
			package = 71AEE8242B3D92EC002DF2D4 /* XCRemoteSwiftPackageReference "firebase-ios-sdk" */;
			productName = FirebaseAnalyticsOnDeviceConversion;
		};
		71AEE8292B3D92EC002DF2D4 /* FirebaseAnalyticsSwift */ = {
			isa = XCSwiftPackageProductDependency;
			package = 71AEE8242B3D92EC002DF2D4 /* XCRemoteSwiftPackageReference "firebase-ios-sdk" */;
			productName = FirebaseAnalyticsSwift;
		};
		71AEE82B2B3D92EC002DF2D4 /* FirebaseAnalyticsWithoutAdIdSupport */ = {
			isa = XCSwiftPackageProductDependency;
			package = 71AEE8242B3D92EC002DF2D4 /* XCRemoteSwiftPackageReference "firebase-ios-sdk" */;
			productName = FirebaseAnalyticsWithoutAdIdSupport;
		};
		71AEE82D2B3D92EC002DF2D4 /* FirebaseAppCheck */ = {
			isa = XCSwiftPackageProductDependency;
			package = 71AEE8242B3D92EC002DF2D4 /* XCRemoteSwiftPackageReference "firebase-ios-sdk" */;
			productName = FirebaseAppCheck;
		};
		71AEE8972B3DAAF2002DF2D4 /* GoogleSignIn */ = {
			isa = XCSwiftPackageProductDependency;
			package = 71AEE8962B3DAAF2002DF2D4 /* XCRemoteSwiftPackageReference "GoogleSignIn-iOS" */;
			productName = GoogleSignIn;
		};
		71AEE8992B3DAAF2002DF2D4 /* GoogleSignInSwift */ = {
			isa = XCSwiftPackageProductDependency;
			package = 71AEE8962B3DAAF2002DF2D4 /* XCRemoteSwiftPackageReference "GoogleSignIn-iOS" */;
			productName = GoogleSignInSwift;
		};
		71AEE8A82B3DAC88002DF2D4 /* FirebaseAnalytics */ = {
			isa = XCSwiftPackageProductDependency;
			package = 71AEE8242B3D92EC002DF2D4 /* XCRemoteSwiftPackageReference "firebase-ios-sdk" */;
			productName = FirebaseAnalytics;
		};
		71AEE8AA2B3DAC88002DF2D4 /* FirebaseAnalyticsOnDeviceConversion */ = {
			isa = XCSwiftPackageProductDependency;
			package = 71AEE8242B3D92EC002DF2D4 /* XCRemoteSwiftPackageReference "firebase-ios-sdk" */;
			productName = FirebaseAnalyticsOnDeviceConversion;
		};
		71AEE8AC2B3DAC88002DF2D4 /* FirebaseAnalyticsSwift */ = {
			isa = XCSwiftPackageProductDependency;
			package = 71AEE8242B3D92EC002DF2D4 /* XCRemoteSwiftPackageReference "firebase-ios-sdk" */;
			productName = FirebaseAnalyticsSwift;
		};
		71AEE8AE2B3DAC88002DF2D4 /* FirebaseAnalyticsWithoutAdIdSupport */ = {
			isa = XCSwiftPackageProductDependency;
			package = 71AEE8242B3D92EC002DF2D4 /* XCRemoteSwiftPackageReference "firebase-ios-sdk" */;
			productName = FirebaseAnalyticsWithoutAdIdSupport;
		};
		71AEE8B02B3DAC88002DF2D4 /* FirebaseAppCheck */ = {
			isa = XCSwiftPackageProductDependency;
			package = 71AEE8242B3D92EC002DF2D4 /* XCRemoteSwiftPackageReference "firebase-ios-sdk" */;
			productName = FirebaseAppCheck;
		};
		71AEE8B32B3DAD63002DF2D4 /* FirebaseAuth */ = {
			isa = XCSwiftPackageProductDependency;
			package = 71AEE8242B3D92EC002DF2D4 /* XCRemoteSwiftPackageReference "firebase-ios-sdk" */;
			productName = FirebaseAuth;
		};
/* End XCSwiftPackageProductDependency section */
	};
	rootObject = 719BAAEB2B31B11200C823D2 /* Project object */;
}
